# @generated - this file is auto-generated by `mise lock` https://mise.en.dev/dev-tools/mise-lock.html

lockfile_version = 2

[[tools.aube]]
version = "2.6.1"
backend = "packslip:github.com/aubepkg/aube"
specifiers = ["latest"]

[tools.aube."platforms.linux-arm64"]
checksum = "sha256:ff945fd7a68d25d87b47e45877228ad269d5a053c04522599b31c130d734f40d"
url = "https://github.com/aubepkg/aube/releases/download/v2.6.1/aube-v2.6.1-aarch64-unknown-linux-gnu.tar.gz"
signer = "sigstore-oidc:https://github.com/aubepkg/aube/.github/workflows/release.yml"

[tools.aube."platforms.linux-x64"]
checksum = "sha256:364b4cf201970cd5c943390dd3e736b4256b14a0ac52d304f8fb4acfd6a1fbd3"
url = "https://github.com/aubepkg/aube/releases/download/v2.6.1/aube-v2.6.1-x86_64-unknown-linux-gnu.tar.gz"
signer = "sigstore-oidc:https://github.com/aubepkg/aube/.github/workflows/release.yml"

[tools.aube."platforms.macos-arm64"]
checksum = "sha256:a36856db187dd8f2c3cbf651de1384a2d0748d7cc5507671e6ec02751f00c032"
url = "https://github.com/aubepkg/aube/releases/download/v2.6.1/aube-v2.6.1-aarch64-apple-darwin.tar.gz"
signer = "sigstore-oidc:https://github.com/aubepkg/aube/.github/workflows/release.yml"

[tools.aube."platforms.windows-x64"]
checksum = "sha256:f6399466cc0e0c2f52248b56477182d4857a8a02d518936b055a3a67f0f25f87"
url = "https://github.com/aubepkg/aube/releases/download/v2.6.1/aube-v2.6.1-x86_64-pc-windows-msvc.zip"
signer = "sigstore-oidc:https://github.com/aubepkg/aube/.github/workflows/release.yml"

[[tools.fd]]
version = "10.5.0"
backend = "aqua:sharkdp/fd"
specifiers = ["latest"]

[tools.fd."platforms.linux-arm64"]
checksum = "sha256:c0ee43802e3313a317c5af2f4eabd6ba13eeedd595af9775f05e18a13ac4f52c"
url = "https://github.com/sharkdp/fd/releases/download/v10.5.0/fd-v10.5.0-aarch64-unknown-linux-gnu.tar.gz"
url_api = "https://api.github.com/repos/sharkdp/fd/releases/assets/530482307"

[tools.fd."platforms.linux-x64"]
checksum = "sha256:a1259cd129636efbc3fef123525c1b49e88fe5088c012630983c310e52fdfa95"
url = "https://github.com/sharkdp/fd/releases/download/v10.5.0/fd-v10.5.0-x86_64-unknown-linux-gnu.tar.gz"
url_api = "https://api.github.com/repos/sharkdp/fd/releases/assets/530481615"

[tools.fd."platforms.macos-arm64"]
checksum = "sha256:b67e1836c468e42e411984b56e52fa7abec08c2bd22c867398e7cc134aac5e12"
url = "https://github.com/sharkdp/fd/releases/download/v10.5.0/fd-v10.5.0-aarch64-apple-darwin.tar.gz"
url_api = "https://api.github.com/repos/sharkdp/fd/releases/assets/530481346"

[tools.fd."platforms.macos-x64"]
checksum = "sha256:7e31028c62c6955877735d0406807aa484c2a5e6f86235a59e26c29c301da590"
url = "https://github.com/sharkdp/fd/releases/download/v10.5.0/fd-v10.5.0-x86_64-apple-darwin.tar.gz"
url_api = "https://api.github.com/repos/sharkdp/fd/releases/assets/530484719"

[tools.fd."platforms.windows-x64"]
checksum = "sha256:a227701b8551c35a9931d9f6da75503cf86d88e182d71fb849a70864c5d57cd7"
url = "https://github.com/sharkdp/fd/releases/download/v10.5.0/fd-v10.5.0-x86_64-pc-windows-msvc.zip"
url_api = "https://api.github.com/repos/sharkdp/fd/releases/assets/530482901"

[[tools.hk]]
version = "2.5.0"
backend = "packslip:github.com/jdx/hk"
specifiers = ["latest"]

[tools.hk."platforms.linux-arm64"]
checksum = "sha256:c800091c414e1c8e8628137275d88c257bcfe0c35dd31d2762923a71dae7df7f"
url = "https://github.com/jdx/hk/releases/download/v2.5.0/hk-aarch64-unknown-linux-gnu.tar.gz"
signer = "sigstore-oidc:https://github.com/jdx/hk/.github/workflows/release.yml"

[tools.hk."platforms.linux-x64"]
checksum = "sha256:449b83c35ac3a460f80a4c9a41ad99430add8cf6caa6ceadc27e810feac3647d"
url = "https://github.com/jdx/hk/releases/download/v2.5.0/hk-x86_64-unknown-linux-gnu.tar.gz"
signer = "sigstore-oidc:https://github.com/jdx/hk/.github/workflows/release.yml"

[tools.hk."platforms.macos-arm64"]
checksum = "sha256:fabbed3a44e72c601759fa81d56f3c9403ca466853bdf77e87cc69d986cb151a"
url = "https://github.com/jdx/hk/releases/download/v2.5.0/hk-aarch64-apple-darwin.tar.gz"
signer = "sigstore-oidc:https://github.com/jdx/hk/.github/workflows/release.yml"

[tools.hk."platforms.windows-x64"]
checksum = "sha256:9d3063f0eadb316415dc2aaea51608f436eb6ffe44e00c2e460294c66f269a54"
url = "https://github.com/jdx/hk/releases/download/v2.5.0/hk-x86_64-pc-windows-msvc.zip"
signer = "sigstore-oidc:https://github.com/jdx/hk/.github/workflows/release.yml"

[[tools.jactionlint]]
version = "2.0.2"
backend = "github:jdx/jactionlint"
specifiers = ["2"]

[tools.jactionlint."platforms.linux-arm64"]
checksum = "sha256:978a9f32cc4ed1d81b94563fc49643b8b3a48dcba4d1ea089d9ba05f7e17e7a7"
url = "https://github.com/jdx/jactionlint/releases/download/v2.0.2/jactionlint_2.0.2_linux_arm64.tar.gz"
url_api = "https://api.github.com/repos/jdx/jactionlint/releases/assets/626020784"
provenance = "github-attestations"

[tools.jactionlint."platforms.linux-x64"]
checksum = "sha256:026bce6d0ef196f5b22bf43acb1348d47c5d0a5ae61d6ec3bdba1229a823161b"
url = "https://github.com/jdx/jactionlint/releases/download/v2.0.2/jactionlint_2.0.2_linux_amd64.tar.gz"
url_api = "https://api.github.com/repos/jdx/jactionlint/releases/assets/626020780"
provenance = "github-attestations"

[tools.jactionlint."platforms.macos-arm64"]
checksum = "sha256:1ad210bd21f4c70a81e0bffecc6d223daca8dd13e57fa6899787064f8b724c7c"
url = "https://github.com/jdx/jactionlint/releases/download/v2.0.2/jactionlint_2.0.2_darwin_arm64.tar.gz"
url_api = "https://api.github.com/repos/jdx/jactionlint/releases/assets/626020734"
provenance = "github-attestations"

[tools.jactionlint."platforms.macos-x64"]
checksum = "sha256:03ccb52f3bf3c6b1b6358689a4d31e5f05d558b32c0b8edaeac7c452abe7fff4"
url = "https://github.com/jdx/jactionlint/releases/download/v2.0.2/jactionlint_2.0.2_darwin_amd64.tar.gz"
url_api = "https://api.github.com/repos/jdx/jactionlint/releases/assets/626020732"
provenance = "github-attestations"

[tools.jactionlint."platforms.windows-x64"]
checksum = "sha256:988403508761b96fa506920b7db420e6e738247aade084f9b928f452340c8f8f"
url = "https://github.com/jdx/jactionlint/releases/download/v2.0.2/jactionlint_2.0.2_windows_amd64.zip"
url_api = "https://api.github.com/repos/jdx/jactionlint/releases/assets/626020828"
provenance = "github-attestations"

[[tools.node]]
version = "24.21.0"
backend = "core:node"
specifiers = ["24"]

[tools.node."platforms.linux-arm64"]
checksum = "sha256:724282c3b43aec998aa9527380465b45d229e021b58035f5f4f63095eabfe5d5"
url = "https://nodejs.org/dist/v24.21.0/node-v24.21.0-linux-arm64.tar.gz"

[tools.node."platforms.linux-x64"]
checksum = "sha256:6e1db87ef58b8819e5d5402eff1536491b18edd8eb7bee5ef7897876e88dc5ff"
url = "https://nodejs.org/dist/v24.21.0/node-v24.21.0-linux-x64.tar.gz"

[tools.node."platforms.macos-arm64"]
checksum = "sha256:bed7eea5325e1108f32ce5228ddd6a5f0f08a499ee42aa7442aea583702f6057"
url = "https://nodejs.org/dist/v24.21.0/node-v24.21.0-darwin-arm64.tar.gz"

[tools.node."platforms.macos-x64"]
checksum = "sha256:1462cb3b3046b815cf8ea436d3da450ec1a9f11dac7e5a46b0ada5305d7e8097"
url = "https://nodejs.org/dist/v24.21.0/node-v24.21.0-darwin-x64.tar.gz"

[tools.node."platforms.windows-x64"]
checksum = "sha256:158f7685b44de51f6c0df1d153526cbcd3e1bc739a8dfc607721cef75de9e541"
url = "https://nodejs.org/dist/v24.21.0/node-v24.21.0-win-x64.zip"

[[tools.s5cmd]]
version = "2.3.0"
backend = "aqua:peak/s5cmd"
specifiers = ["latest"]

[tools.s5cmd."platforms.linux-arm64"]
checksum = "sha256:1439f0d00ecedcd2a2f1f2c6749bbb0152b2257bf5086f29646ec8ae38798e24"
url = "https://github.com/peak/s5cmd/releases/download/v2.3.0/s5cmd_2.3.0_Linux-arm64.tar.gz"
url_api = "https://api.github.com/repos/peak/s5cmd/releases/assets/213717270"

[tools.s5cmd."platforms.linux-x64"]
checksum = "sha256:de0fdbfa3aceae55e069ba81a0fc17b2026567637603734a387b2fca06c299b4"
url = "https://github.com/peak/s5cmd/releases/download/v2.3.0/s5cmd_2.3.0_Linux-64bit.tar.gz"
url_api = "https://api.github.com/repos/peak/s5cmd/releases/assets/213717269"

[tools.s5cmd."platforms.macos-arm64"]
checksum = "sha256:ae007bc96276f498ae3c1fb017e57630cf93ef260cfe7e97b365522e240c973f"
url = "https://github.com/peak/s5cmd/releases/download/v2.3.0/s5cmd_2.3.0_macOS-arm64.tar.gz"
url_api = "https://api.github.com/repos/peak/s5cmd/releases/assets/213717274"

[tools.s5cmd."platforms.macos-x64"]
checksum = "sha256:df6f76f6d317c4d051ad083219ed36eb8d8e5ebc55ceeeb91f5e66cdc3ac71fb"
url = "https://github.com/peak/s5cmd/releases/download/v2.3.0/s5cmd_2.3.0_macOS-64bit.tar.gz"
url_api = "https://api.github.com/repos/peak/s5cmd/releases/assets/213717268"

[tools.s5cmd."platforms.windows-x64"]
checksum = "sha256:9d8a98c1d9f6284c6d54aeec3daeb5f1412fd101850ae756c1e70dd8ffe52166"
url = "https://github.com/peak/s5cmd/releases/download/v2.3.0/s5cmd_2.3.0_Windows-64bit.zip"
url_api = "https://api.github.com/repos/peak/s5cmd/releases/assets/213717275"

[[tools.sd]]
version = "1.1.0"
backend = "aqua:chmln/sd"
specifiers = ["latest"]

[tools.sd."platforms.linux-arm64"]
checksum = "sha256:ec8c93c0533ff21f4851d11566808d4082544baf063d9b96ea77c27e98b7cd99"
url = "https://github.com/chmln/sd/releases/download/v1.1.0/sd-v1.1.0-aarch64-unknown-linux-musl.tar.gz"
url_api = "https://api.github.com/repos/chmln/sd/releases/assets/362325535"

[tools.sd."platforms.linux-x64"]
checksum = "sha256:3613eca74cd686739bb5a6d68319aa56c747e7315274d02323a2ca2b1c5d82d2"
url = "https://github.com/chmln/sd/releases/download/v1.1.0/sd-v1.1.0-x86_64-unknown-linux-gnu.tar.gz"
url_api = "https://api.github.com/repos/chmln/sd/releases/assets/362325296"

[tools.sd."platforms.macos-arm64"]
checksum = "sha256:4bd3c09226376ca0a1d69589c91e86276fae36c5fbaaee669afce583f6682030"
url = "https://github.com/chmln/sd/releases/download/v1.1.0/sd-v1.1.0-aarch64-apple-darwin.tar.gz"
url_api = "https://api.github.com/repos/chmln/sd/releases/assets/362325451"

[tools.sd."platforms.macos-x64"]
checksum = "sha256:1fca1e9c91813a8aac6821063c923107ba0f66a83309e095edcd3b202f67f97e"
url = "https://github.com/chmln/sd/releases/download/v1.1.0/sd-v1.1.0-x86_64-apple-darwin.tar.gz"
url_api = "https://api.github.com/repos/chmln/sd/releases/assets/362325430"

[tools.sd."platforms.windows-x64"]
checksum = "sha256:59837c2e7c911099aca1cc46b663bcdc5a949fd3e9fbbaf34fc73e5d5d71007c"
url = "https://github.com/chmln/sd/releases/download/v1.1.0/sd-v1.1.0-x86_64-pc-windows-msvc.zip"
url_api = "https://api.github.com/repos/chmln/sd/releases/assets/362325573"

[[tools.shellcheck]]
version = "0.11.0"
backend = "aqua:koalaman/shellcheck"
specifiers = ["latest"]

[tools.shellcheck."platforms.linux-arm64"]
checksum = "sha256:12b331c1d2db6b9eb13cfca64306b1b157a86eb69db83023e261eaa7e7c14588"
url = "https://github.com/koalaman/shellcheck/releases/download/v0.11.0/shellcheck-v0.11.0.linux.aarch64.tar.xz"
url_api = "https://api.github.com/repos/koalaman/shellcheck/releases/assets/279056934"

[tools.shellcheck."platforms.linux-x64"]
checksum = "sha256:8c3be12b05d5c177a04c29e3c78ce89ac86f1595681cab149b65b97c4e227198"
url = "https://github.com/koalaman/shellcheck/releases/download/v0.11.0/shellcheck-v0.11.0.linux.x86_64.tar.xz"
url_api = "https://api.github.com/repos/koalaman/shellcheck/releases/assets/279056942"

[tools.shellcheck."platforms.macos-arm64"]
checksum = "sha256:56affdd8de5527894dca6dc3d7e0a99a873b0f004d7aabc30ae407d3f48b0a79"
url = "https://github.com/koalaman/shellcheck/releases/download/v0.11.0/shellcheck-v0.11.0.darwin.aarch64.tar.xz"
url_api = "https://api.github.com/repos/koalaman/shellcheck/releases/assets/279056932"

[tools.shellcheck."platforms.macos-x64"]
checksum = "sha256:3c89db4edcab7cf1c27bff178882e0f6f27f7afdf54e859fa041fca10febe4c6"
url = "https://github.com/koalaman/shellcheck/releases/download/v0.11.0/shellcheck-v0.11.0.darwin.x86_64.tar.xz"
url_api = "https://api.github.com/repos/koalaman/shellcheck/releases/assets/279056930"

[tools.shellcheck."platforms.windows-x64"]
checksum = "sha256:8a4e35ab0b331c85d73567b12f2a444df187f483e5079ceffa6bda1faa2e740e"
url = "https://github.com/koalaman/shellcheck/releases/download/v0.11.0/shellcheck-v0.11.0.zip"
url_api = "https://api.github.com/repos/koalaman/shellcheck/releases/assets/279056944"

[[tools.shfmt]]
version = "3.14.1"
backend = "aqua:mvdan/sh"
specifiers = ["latest"]

[tools.shfmt."platforms.linux-arm64"]
checksum = "sha256:5f2db09dae91fca848f7adbdd014632e921a383863a2ad7e0450ad3aba0c6489"
url = "https://github.com/mvdan/sh/releases/download/v3.14.1/shfmt_v3.14.1_linux_arm64"
url_api = "https://api.github.com/repos/mvdan/sh/releases/assets/547320869"

[tools.shfmt."platforms.linux-x64"]
checksum = "sha256:76e77641faa025814b77f153b29796b8e6fa2fca03e0c76a691608b86c7ea7bf"
url = "https://github.com/mvdan/sh/releases/download/v3.14.1/shfmt_v3.14.1_linux_amd64"
url_api = "https://api.github.com/repos/mvdan/sh/releases/assets/547320883"

[tools.shfmt."platforms.macos-arm64"]
checksum = "sha256:b7c872db63553ccffc7253aba3ed7d4885a27d83f1ba567b1138c6315a5847e5"
url = "https://github.com/mvdan/sh/releases/download/v3.14.1/shfmt_v3.14.1_darwin_arm64"
url_api = "https://api.github.com/repos/mvdan/sh/releases/assets/547320930"

[tools.shfmt."platforms.macos-x64"]
checksum = "sha256:d33eee0da0f92835b3562e9767a05cee7e4eaeef47daa03bfd09da17b4b590a6"
url = "https://github.com/mvdan/sh/releases/download/v3.14.1/shfmt_v3.14.1_darwin_amd64"
url_api = "https://api.github.com/repos/mvdan/sh/releases/assets/547320946"

[tools.shfmt."platforms.windows-x64"]
checksum = "sha256:13629ce28442ca80b6b5a819f7574ab39e1c28c6e26734ca816c9714e04851df"
url = "https://github.com/mvdan/sh/releases/download/v3.14.1/shfmt_v3.14.1_windows_amd64.exe"
url_api = "https://api.github.com/repos/mvdan/sh/releases/assets/547320827"

[[tools.uv]]
version = "0.12.23"
backend = "aqua:astral-sh/uv"
specifiers = ["latest"]

[tools.uv."platforms.linux-arm64"]
checksum = "sha256:6524bd338177ed50d035d39354e12545e993bbeba2ecbddf0480c5b3a81d313f"
url = "https://github.com/astral-sh/uv/releases/download/0.12.23/uv-aarch64-unknown-linux-gnu.tar.gz"
url_api = "https://api.github.com/repos/astral-sh/uv/releases/assets/608232491"
provenance = "github-attestations"

[tools.uv."platforms.linux-x64"]
checksum = "sha256:9167d72b3319674b6303c4cbe071854bba13ebdf3d76b1a7cbdc175471fb66d6"
url = "https://github.com/astral-sh/uv/releases/download/0.12.23/uv-x86_64-unknown-linux-gnu.tar.gz"
url_api = "https://api.github.com/repos/astral-sh/uv/releases/assets/608232628"
provenance = "github-attestations"

[tools.uv."platforms.macos-arm64"]
checksum = "sha256:50487ae565ccd96e499056b4674d438f4c53170202617b4c759defe0c6a1b544"
url = "https://github.com/astral-sh/uv/releases/download/0.12.23/uv-aarch64-apple-darwin.tar.gz"
url_api = "https://api.github.com/repos/astral-sh/uv/releases/assets/608232483"
provenance = "github-attestations"

[tools.uv."platforms.macos-x64"]
checksum = "sha256:960da44cb4b73685206ddd250b19e0a117fa41095710c1038f081f5cb613efb4"
url = "https://github.com/astral-sh/uv/releases/download/0.12.23/uv-x86_64-apple-darwin.tar.gz"
url_api = "https://api.github.com/repos/astral-sh/uv/releases/assets/608232607"
provenance = "github-attestations"

[tools.uv."platforms.windows-x64"]
checksum = "sha256:75d05de6762778c31ee183398de7dd15093fad0ed90b1f236d8205ea5ec00c90"
url = "https://github.com/astral-sh/uv/releases/download/0.12.23/uv-x86_64-pc-windows-msvc.zip"
url_api = "https://api.github.com/repos/astral-sh/uv/releases/assets/608232617"
provenance = "github-attestations"

[[tools.wait-for-gh-rate-limit]]
version = "1.1.2"
backend = "github:jdx/wait-for-gh-rate-limit"
specifiers = ["latest"]

[tools.wait-for-gh-rate-limit."platforms.linux-arm64"]
checksum = "sha256:9e51999142645a7c150be722ed683be64ea6edd50628c9280604b4669941cce0"
url = "https://github.com/jdx/wait-for-gh-rate-limit/releases/download/v1.1.2/wait-for-gh-rate-limit-aarch64-unknown-linux-gnu.tar.gz"
url_api = "https://api.github.com/repos/jdx/wait-for-gh-rate-limit/releases/assets/468362977"

[tools.wait-for-gh-rate-limit."platforms.linux-x64"]
checksum = "sha256:fdce409269ec435e7b2944dcbf660e77e903d35b7470dbea160478810eaaf0e4"
url = "https://github.com/jdx/wait-for-gh-rate-limit/releases/download/v1.1.2/wait-for-gh-rate-limit-x86_64-unknown-linux-gnu.tar.gz"
url_api = "https://api.github.com/repos/jdx/wait-for-gh-rate-limit/releases/assets/468362510"

[tools.wait-for-gh-rate-limit."platforms.macos-arm64"]
checksum = "sha256:c62fb88819073739c206871b26fe17ea998f22a6c26460c6540baa3c047348e5"
url = "https://github.com/jdx/wait-for-gh-rate-limit/releases/download/v1.1.2/wait-for-gh-rate-limit-aarch64-apple-darwin.tar.gz"
url_api = "https://api.github.com/repos/jdx/wait-for-gh-rate-limit/releases/assets/468362642"

[tools.wait-for-gh-rate-limit."platforms.windows-x64"]
checksum = "sha256:62898b7ba99fa6c7d992f054c9ea0cc2806bcdfd7b1e94e5ad7b4ef30d8442a5"
url = "https://github.com/jdx/wait-for-gh-rate-limit/releases/download/v1.1.2/wait-for-gh-rate-limit-x86_64-pc-windows-msvc.zip"
url_api = "https://api.github.com/repos/jdx/wait-for-gh-rate-limit/releases/assets/468363590"

[[tools.yq]]
version = "4.54.1"
backend = "aqua:mikefarah/yq"
specifiers = ["latest"]

[tools.yq."platforms.linux-arm64"]
checksum = "sha256:189088da0c6429ec5178dfaab1a114805f6cab0b61b165ab236efedf1d57a71b"
url = "https://github.com/mikefarah/yq/releases/download/v4.54.1/yq_linux_arm64"
url_api = "https://api.github.com/repos/mikefarah/yq/releases/assets/597222603"
provenance = "cosign"

[tools.yq."platforms.linux-x64"]
checksum = "sha256:8e34fc298390875de416e6a4afcb8cabeceb25d9aa8506c1a2f9353cf702ea5f"
url = "https://github.com/mikefarah/yq/releases/download/v4.54.1/yq_linux_amd64"
url_api = "https://api.github.com/repos/mikefarah/yq/releases/assets/597222595"
provenance = "cosign"

[tools.yq."platforms.macos-arm64"]
checksum = "sha256:fee511a181bd8b3e6b7da98842b41973bfac8cd3bcd341ed29a584620b5b2844"
url = "https://github.com/mikefarah/yq/releases/download/v4.54.1/yq_darwin_arm64"
url_api = "https://api.github.com/repos/mikefarah/yq/releases/assets/597222609"
provenance = "cosign"

[tools.yq."platforms.macos-x64"]
checksum = "sha256:3a812fce205a4d67014fb71b7fa297092210e580df3d8f52dddc2cf3a599c22b"
url = "https://github.com/mikefarah/yq/releases/download/v4.54.1/yq_darwin_amd64"
url_api = "https://api.github.com/repos/mikefarah/yq/releases/assets/597222619"
provenance = "cosign"

[tools.yq."platforms.windows-x64"]
checksum = "sha256:b645f47ebb3a0d2fbab52998550bbd0a1706f23b5ca5f5b48e638c580bb70928"
url = "https://github.com/mikefarah/yq/releases/download/v4.54.1/yq_windows_amd64.exe"
url_api = "https://api.github.com/repos/mikefarah/yq/releases/assets/597222575"
provenance = "cosign"
